%{
  "benchfella": {:hex, :benchfella, "0.3.2", "b9648e77fa8d8b8b9fe8f54293bee63f7de03909b3af6ab22a0e546716a396fb", [:mix], [], "hexpm", "322270993f38246b02c8a98d64491a2b46a4efef5667a479d55a49ec53ea6dcf"},
  "bunt": {:hex, :bunt, "0.1.6", "5d95a6882f73f3b9969fdfd1953798046664e6f77ec4e486e6fafc7caad97c6f", [:mix], [], "hexpm", "4fb7b2f7b04af13cf210b132f8d10db52d4a57d36cb974e8025d7fdb12ca97fc"},
  "credo": {:hex, :credo, "0.4.11", "03a64e9d53309b7132556284dda0be57ba1013885725124cfea7748d740c6170", [:mix], [{:bunt, "~> 0.1.6", [hex: :bunt, repo: "hexpm", optional: false]}], "hexpm", "b9caac82546bdc1509671a3792921d97d3c40d389ed2603e810bc7260feee5b9"},
  "decimal": {:hex, :decimal, "1.1.2", "79a769d4657b2d537b51ef3c02d29ab7141d2b486b516c109642d453ee08e00c", [:mix], [], "hexpm", "7a6dfa1f4d389497acd7b807bf38c55022487c68b73d339d5114e3a691e006c5"},
  "dialyxir": {:hex, :dialyxir, "0.3.5", "eaba092549e044c76f83165978979f60110dc58dd5b92fd952bf2312f64e9b14", [:mix], [], "hexpm", "61e0fb45140079a2d40b4db617b3431dc9bb29dca7e5039d271eeaca733ed0c3"},
  "earmark": {:hex, :earmark, "0.2.1", "ba6d26ceb16106d069b289df66751734802777a3cbb6787026dd800ffeb850f3", [:mix], [], "hexpm", "c86afb8d22a5aa8315afd4257c7512011c0c9a48b0fea43af7612836b958098b"},
  "ecto": {:hex, :ecto, "2.0.4", "03fd3b9aa508b1383eb38c00ac389953ed22af53811aa2e504975a3e814a8d97", [:mix], [{:db_connection, "~> 1.0-rc.2", [hex: :db_connection, repo: "hexpm", optional: true]}, {:decimal, "~> 1.0", [hex: :decimal, repo: "hexpm", optional: false]}, {:mariaex, "~> 0.7.7", [hex: :mariaex, repo: "hexpm", optional: true]}, {:poison, "~> 1.5 or ~> 2.0", [hex: :poison, repo: "hexpm", optional: true]}, {:poolboy, "~> 1.5", [hex: :poolboy, repo: "hexpm", optional: false]}, {:postgrex, "~> 0.11.2", [hex: :postgrex, repo: "hexpm", optional: true]}, {:sbroker, "~> 1.0-beta", [hex: :sbroker, repo: "hexpm", optional: true]}], "hexpm", "93a2b131d1ef99d66987c5d60e6aa4d16319a2154b04aca07223ee3674abc104"},
  "ex_doc": {:hex, :ex_doc, "0.11.4", "a064bdb720594c3745b94709b17ffb834fd858b4e0c1f48f37c0d92700759e02", [:mix], [{:earmark, "~> 0.1.17 or ~> 0.2", [hex: :earmark, repo: "hexpm", optional: true]}], "hexpm", "639e97b24c1c6c172f557163b830673646983417de9ac0da2c25c7063deed293"},
  "inch_ex": {:hex, :inch_ex, "0.4.0", "27829de2227edfba8fa5c431088578685c0956128b40522957077963e563e868", [:mix], [{:poison, "~> 1.2", [hex: :poison, repo: "hexpm", optional: false]}], "hexpm", "ddf7ca8ede13624918897398aec29423a163f97328f64a7987899ed71acd69ba"},
  "inflex": {:hex, :inflex, "1.4.1", "7b7aedff806f43a43c21b6ef9ae5c83ed9c1322cf80f1935882856bcd1aa87c6", [:mix], [], "hexpm", "d316fecd9db83db97828bbcbdb689f5c412e3aaf658329cf479cad5baa856c92"},
  "plug": {:hex, :plug, "1.1.4", "2eee0e85ad420db96e075b3191d3764d6fff61422b101dc5b02e9cce99cacfc7", [:mix], [{:cowboy, "~> 1.0", [hex: :cowboy, repo: "hexpm", optional: true]}], "hexpm", "217f263d8c7a71cf28d1c7482331c930cdc87256a1c6a8546dccefdd94f8254d"},
  "poison": {:hex, :poison, "1.5.2", "560bdfb7449e3ddd23a096929fb9fc2122f709bcc758b2d5d5a5c7d0ea848910", [:mix], [], "hexpm", "4afc59dcadf71be7edc8b934b39f554ec7b31e2b1b1a4767383a663f86958ce3"},
  "poolboy": {:hex, :poolboy, "1.5.1", "6b46163901cfd0a1b43d692657ed9d7e599853b3b21b95ae5ae0a777cf9b6ca8", [:rebar], [], "hexpm", "8f7168911120e13419e086e78d20e4d1a6776f1eee2411ac9f790af10813389f"},
  "scrivener": {:hex, :scrivener, "2.0.0", "38e59a1c37e989c40a22c019da245a86b257182aee45a074292c9038fab39678", [:mix], [], "hexpm", "8bfd1cc61ef630ada49ad00e4a236bf50de4a4720d64a7258973339ad5544596"},
}
